
Microsoft Visual Studio Solution File, Format Version 12.00
# Visual Studio 15
Project("{FAE04EC0-301F-11D3-BF4B-00C04F79EFBC}") = "Assembly-CSharp", "Assembly-CSharp.csproj", "{1BF01CE5-57BB-C557-4281-7FBF3B7158A3}"
EndProject
Project("{FAE04EC0-301F-11D3-BF4B-00C04F79EFBC}") = "Assembly-CSharp-Editor", "Assembly-CSharp-Editor.csproj", "{30FAF86F-AE61-3A39-8F3F-F011EB198660}"
EndProject
Global
	GlobalSection(SolutionConfigurationPlatforms) = preSolution
		Debug|Any CPU = Debug|Any CPU
		Release|Any CPU = Release|Any CPU
	EndGlobalSection
	GlobalSection(ProjectConfigurationPlatforms) = postSolution
		{1BF01CE5-57BB-C557-4281-7FBF3B7158A3}.Debug|Any CPU.ActiveCfg = Debug|Any CPU
		{1BF01CE5-57BB-C557-4281-7FBF3B7158A3}.Debug|Any CPU.Build.0 = Debug|Any CPU
		{1BF01CE5-57BB-C557-4281-7FBF3B7158A3}.Release|Any CPU.ActiveCfg = Release|Any CPU
		{1BF01CE5-57BB-C557-4281-7FBF3B7158A3}.Release|Any CPU.Build.0 = Release|Any CPU
		{30FAF86F-AE61-3A39-8F3F-F011EB198660}.Debug|Any CPU.ActiveCfg = Debug|Any CPU
		{30FAF86F-AE61-3A39-8F3F-F011EB198660}.Debug|Any CPU.Build.0 = Debug|Any CPU
		{30FAF86F-AE61-3A39-8F3F-F011EB198660}.Release|Any CPU.ActiveCfg = Release|Any CPU
		{30FAF86F-AE61-3A39-8F3F-F011EB198660}.Release|Any CPU.Build.0 = Release|Any CPU
	EndGlobalSection
	GlobalSection(SolutionProperties) = preSolution
		HideSolutionNode = FALSE
	EndGlobalSection
EndGlobal
